// !$*UTF8*$!
{
	archiveVersion = 1;
	classes = {
	};
	objectVersion = 46;
	objects = {

/* Begin PBXBuildFile section */
		381452C719C521D800A1FD51 /* MessageUI.framework in Frameworks */ = {isa = PBXBuildFile; fileRef = 381452C619C521D800A1FD51 /* MessageUI.framework */; };
		381452C919C5223200A1FD51 /* MessageController.swift in Sources */ = {isa = PBXBuildFile; fileRef = 381452C819C5223200A1FD51 /* MessageController.swift */; };
		3824CC8719BA44F900B7EA42 /* AppDelegate.swift in Sources */ = {isa = PBXBuildFile; fileRef = 3824CC8619BA44F900B7EA42 /* AppDelegate.swift */; };
		3824CC8C19BA44F900B7EA42 /* MainViewController.swift in Sources */ = {isa = PBXBuildFile; fileRef = 3824CC8B19BA44F900B7EA42 /* MainViewController.swift */; };
		3824CC8F19BA44F900B7EA42 /* Main.storyboard in Resources */ = {isa = PBXBuildFile; fileRef = 3824CC8D19BA44F900B7EA42 /* Main.storyboard */; };
		3824CC9119BA44F900B7EA42 /* Images.xcassets in Resources */ = {isa = PBXBuildFile; fileRef = 3824CC9019BA44F900B7EA42 /* Images.xcassets */; };
		3824CC9D19BA44F900B7EA42 /* EnsoTests.swift in Sources */ = {isa = PBXBuildFile; fileRef = 3824CC9C19BA44F900B7EA42 /* EnsoTests.swift */; };
		3898792319BBEAFE004C5357 /* ShareViewController.swift in Sources */ = {isa = PBXBuildFile; fileRef = 3898792219BBEAFE004C5357 /* ShareViewController.swift */; };
		3898792519BBEAFE004C5357 /* MainInterface.storyboard in Resources */ = {isa = PBXBuildFile; fileRef = 3898792419BBEAFE004C5357 /* MainInterface.storyboard */; };
		3898792819BBEAFE004C5357 /* EnsoShareExtension.appex in Embed App Extensions */ = {isa = PBXBuildFile; fileRef = 3898791E19BBEAFE004C5357 /* EnsoShareExtension.appex */; settings = {ATTRIBUTES = (RemoveHeadersOnCopy, ); }; };
		3898793019BBF554004C5357 /* CoreData.framework in Frameworks */ = {isa = PBXBuildFile; fileRef = 3898792F19BBF554004C5357 /* CoreData.framework */; };
		3898793219BC06DD004C5357 /* HaikuViewController.swift in Sources */ = {isa = PBXBuildFile; fileRef = 3898793119BC06DD004C5357 /* HaikuViewController.swift */; };
		38A1783D19BA7C2300B9F9D3 /* DataController.swift in Sources */ = {isa = PBXBuildFile; fileRef = 38A1783C19BA7C2300B9F9D3 /* DataController.swift */; };
		38A1783F19BA7D5500B9F9D3 /* NetworkController.swift in Sources */ = {isa = PBXBuildFile; fileRef = 38A1783E19BA7D5500B9F9D3 /* NetworkController.swift */; };
		38A1784119BA7DB600B9F9D3 /* EnsoPhotosController.swift in Sources */ = {isa = PBXBuildFile; fileRef = 38A1784019BA7DB600B9F9D3 /* EnsoPhotosController.swift */; };
		38A1784519BA7E3A00B9F9D3 /* MediaViewController.swift in Sources */ = {isa = PBXBuildFile; fileRef = 38A1784419BA7E3A00B9F9D3 /* MediaViewController.swift */; };
		38A1784719BA7E4900B9F9D3 /* SocialViewController.swift in Sources */ = {isa = PBXBuildFile; fileRef = 38A1784619BA7E4900B9F9D3 /* SocialViewController.swift */; };
		38ED9D6719BE651B00BC2241 /* LocationController.swift in Sources */ = {isa = PBXBuildFile; fileRef = 38ED9D6619BE651B00BC2241 /* LocationController.swift */; };
		38EE0DA719C80B7400285AEE /* ListViewController.swift in Sources */ = {isa = PBXBuildFile; fileRef = 38EE0DA619C80B7400285AEE /* ListViewController.swift */; };
		38EE0DD219CA39FD00285AEE /* Haiku.m in Sources */ = {isa = PBXBuildFile; fileRef = 38EE0DD119CA39FD00285AEE /* Haiku.m */; };
		38EE0DD419CA3A2100285AEE /* EnsoDocument.swift in Sources */ = {isa = PBXBuildFile; fileRef = 38EE0DD319CA3A2100285AEE /* EnsoDocument.swift */; };
/* End PBXBuildFile section */

/* Begin PBXContainerItemProxy section */
		3824CC9719BA44F900B7EA42 /* PBXContainerItemProxy */ = {
			isa = PBXContainerItemProxy;
			containerPortal = 3824CC7919BA44F900B7EA42 /* Project object */;
			proxyType = 1;
			remoteGlobalIDString = 3824CC8019BA44F900B7EA42;
			remoteInfo = Enso;
		};
		3898792619BBEAFE004C5357 /* PBXContainerItemProxy */ = {
			isa = PBXContainerItemProxy;
			containerPortal = 3824CC7919BA44F900B7EA42 /* Project object */;
			proxyType = 1;
			remoteGlobalIDString = 3898791D19BBEAFE004C5357;
			remoteInfo = EnsoShareExtension;
		};
		3898792919BBEAFE004C5357 /* PBXContainerItemProxy */ = {
			isa = PBXContainerItemProxy;
			containerPortal = 3824CC7919BA44F900B7EA42 /* Project object */;
			proxyType = 1;
			remoteGlobalIDString = 3898791D19BBEAFE004C5357;
			remoteInfo = EnsoShareExtension;
		};
/* End PBXContainerItemProxy section */

/* Begin PBXCopyFilesBuildPhase section */
		3898792E19BBEAFE004C5357 /* Embed App Extensions */ = {
			isa = PBXCopyFilesBuildPhase;
			buildActionMask = 2147483647;
			dstPath = "";
			dstSubfolderSpec = 13;
			files = (
				3898792819BBEAFE004C5357 /* EnsoShareExtension.appex in Embed App Extensions */,
			);
			name = "Embed App Extensions";
			runOnlyForDeploymentPostprocessing = 0;
		};
/* End PBXCopyFilesBuildPhase section */

/* Begin PBXFileReference section */
		381452C619C521D800A1FD51 /* MessageUI.framework */ = {isa = PBXFileReference; lastKnownFileType = wrapper.framework; name = MessageUI.framework; path = System/Library/Frameworks/MessageUI.framework; sourceTree = SDKROOT; };
		381452C819C5223200A1FD51 /* MessageController.swift */ = {isa = PBXFileReference; fileEncoding = 4; lastKnownFileType = sourcecode.swift; path = MessageController.swift; sourceTree = "<group>"; };
		3824CC8119BA44F900B7EA42 /* Enso.app */ = {isa = PBXFileReference; explicitFileType = wrapper.application; includeInIndex = 0; path = Enso.app; sourceTree = BUILT_PRODUCTS_DIR; };
		3824CC8519BA44F900B7EA42 /* Info.plist */ = {isa = PBXFileReference; lastKnownFileType = text.plist.xml; path = Info.plist; sourceTree = "<group>"; };
		3824CC8619BA44F900B7EA42 /* AppDelegate.swift */ = {isa = PBXFileReference; lastKnownFileType = sourcecode.swift; path = AppDelegate.swift; sourceTree = "<group>"; };
		3824CC8B19BA44F900B7EA42 /* MainViewController.swift */ = {isa = PBXFileReference; lastKnownFileType = sourcecode.swift; path = MainViewController.swift; sourceTree = "<group>"; };
		3824CC8E19BA44F900B7EA42 /* Base */ = {isa = PBXFileReference; lastKnownFileType = file.storyboard; name = Base; path = Base.lproj/Main.storyboard; sourceTree = "<group>"; };
		3824CC9019BA44F900B7EA42 /* Images.xcassets */ = {isa = PBXFileReference; lastKnownFileType = folder.assetcatalog; path = Images.xcassets; sourceTree = "<group>"; };
		3824CC9619BA44F900B7EA42 /* EnsoTests.xctest */ = {isa = PBXFileReference; explicitFileType = wrapper.cfbundle; includeInIndex = 0; path = EnsoTests.xctest; sourceTree = BUILT_PRODUCTS_DIR; };
		3824CC9B19BA44F900B7EA42 /* Info.plist */ = {isa = PBXFileReference; lastKnownFileType = text.plist.xml; path = Info.plist; sourceTree = "<group>"; };
		3824CC9C19BA44F900B7EA42 /* EnsoTests.swift */ = {isa = PBXFileReference; lastKnownFileType = sourcecode.swift; path = EnsoTests.swift; sourceTree = "<group>"; };
		3898791E19BBEAFE004C5357 /* EnsoShareExtension.appex */ = {isa = PBXFileReference; explicitFileType = "wrapper.app-extension"; includeInIndex = 0; path = EnsoShareExtension.appex; sourceTree = BUILT_PRODUCTS_DIR; };
		3898792119BBEAFE004C5357 /* Info.plist */ = {isa = PBXFileReference; lastKnownFileType = text.plist.xml; path = Info.plist; sourceTree = "<group>"; };
		3898792219BBEAFE004C5357 /* ShareViewController.swift */ = {isa = PBXFileReference; lastKnownFileType = sourcecode.swift; path = ShareViewController.swift; sourceTree = "<group>"; };
		3898792419BBEAFE004C5357 /* MainInterface.storyboard */ = {isa = PBXFileReference; lastKnownFileType = file.storyboard; path = MainInterface.storyboard; sourceTree = "<group>"; };
		3898792F19BBF554004C5357 /* CoreData.framework */ = {isa = PBXFileReference; lastKnownFileType = wrapper.framework; name = CoreData.framework; path = System/Library/Frameworks/CoreData.framework; sourceTree = SDKROOT; };
		3898793119BC06DD004C5357 /* HaikuViewController.swift */ = {isa = PBXFileReference; fileEncoding = 4; lastKnownFileType = sourcecode.swift; path = HaikuViewController.swift; sourceTree = "<group>"; };
		38A1783719BA7AFE00B9F9D3 /* Enso-Bridging-Header.h */ = {isa = PBXFileReference; lastKnownFileType = sourcecode.c.h; path = "Enso-Bridging-Header.h"; sourceTree = "<group>"; };
		38A1783C19BA7C2300B9F9D3 /* DataController.swift */ = {isa = PBXFileReference; fileEncoding = 4; lastKnownFileType = sourcecode.swift; path = DataController.swift; sourceTree = "<group>"; };
		38A1783E19BA7D5500B9F9D3 /* NetworkController.swift */ = {isa = PBXFileReference; fileEncoding = 4; lastKnownFileType = sourcecode.swift; path = NetworkController.swift; sourceTree = "<group>"; };
		38A1784019BA7DB600B9F9D3 /* EnsoPhotosController.swift */ = {isa = PBXFileReference; fileEncoding = 4; lastKnownFileType = sourcecode.swift; path = EnsoPhotosController.swift; sourceTree = "<group>"; };
		38A1784419BA7E3A00B9F9D3 /* MediaViewController.swift */ = {isa = PBXFileReference; fileEncoding = 4; lastKnownFileType = sourcecode.swift; path = MediaViewController.swift; sourceTree = "<group>"; };
		38A1784619BA7E4900B9F9D3 /* SocialViewController.swift */ = {isa = PBXFileReference; fileEncoding = 4; lastKnownFileType = sourcecode.swift; path = SocialViewController.swift; sourceTree = "<group>"; };
		38ED9D6619BE651B00BC2241 /* LocationController.swift */ = {isa = PBXFileReference; fileEncoding = 4; lastKnownFileType = sourcecode.swift; path = LocationController.swift; sourceTree = "<group>"; };
		38EE0DA619C80B7400285AEE /* ListViewController.swift */ = {isa = PBXFileReference; fileEncoding = 4; lastKnownFileType = sourcecode.swift; path = ListViewController.swift; sourceTree = "<group>"; };
		38EE0DD019CA39FD00285AEE /* Haiku.h */ = {isa = PBXFileReference; fileEncoding = 4; lastKnownFileType = sourcecode.c.h; path = Haiku.h; sourceTree = "<group>"; };
		38EE0DD119CA39FD00285AEE /* Haiku.m */ = {isa = PBXFileReference; fileEncoding = 4; lastKnownFileType = sourcecode.c.objc; path = Haiku.m; sourceTree = "<group>"; };
		38EE0DD319CA3A2100285AEE /* EnsoDocument.swift */ = {isa = PBXFileReference; fileEncoding = 4; lastKnownFileType = sourcecode.swift; path = EnsoDocument.swift; sourceTree = "<group>"; };
/* End PBXFileReference section */

/* Begin PBXFrameworksBuildPhase section */
		3824CC7E19BA44F900B7EA42 /* Frameworks */ = {
			isa = PBXFrameworksBuildPhase;
			buildActionMask = 2147483647;
			files = (
				381452C719C521D800A1FD51 /* MessageUI.framework in Frameworks */,
			);
			runOnlyForDeploymentPostprocessing = 0;
		};
		3824CC9319BA44F900B7EA42 /* Frameworks */ = {
			isa = PBXFrameworksBuildPhase;
			buildActionMask = 2147483647;
			files = (
			);
			runOnlyForDeploymentPostprocessing = 0;
		};
		3898791B19BBEAFE004C5357 /* Frameworks */ = {
			isa = PBXFrameworksBuildPhase;
			buildActionMask = 2147483647;
			files = (
				3898793019BBF554004C5357 /* CoreData.framework in Frameworks */,
			);
			runOnlyForDeploymentPostprocessing = 0;
		};
/* End PBXFrameworksBuildPhase section */

/* Begin PBXGroup section */
		3824CC7819BA44F900B7EA42 = {
			isa = PBXGroup;
			children = (
				381452C619C521D800A1FD51 /* MessageUI.framework */,
				3898792F19BBF554004C5357 /* CoreData.framework */,
				3824CC8319BA44F900B7EA42 /* Enso */,
				3824CC9919BA44F900B7EA42 /* EnsoTests */,
				3898791F19BBEAFE004C5357 /* EnsoShareExtension */,
				3824CC8219BA44F900B7EA42 /* Products */,
			);
			sourceTree = "<group>";
		};
		3824CC8219BA44F900B7EA42 /* Products */ = {
			isa = PBXGroup;
			children = (
				3824CC8119BA44F900B7EA42 /* Enso.app */,
				3824CC9619BA44F900B7EA42 /* EnsoTests.xctest */,
				3898791E19BBEAFE004C5357 /* EnsoShareExtension.appex */,
			);
			name = Products;
			sourceTree = "<group>";
		};
		3824CC8319BA44F900B7EA42 /* Enso */ = {
			isa = PBXGroup;
			children = (
				3824CC8619BA44F900B7EA42 /* AppDelegate.swift */,
				38A1783719BA7AFE00B9F9D3 /* Enso-Bridging-Header.h */,
				3824CCA619BA44FE00B7EA42 /* Model */,
				3824CCA719BA450200B7EA42 /* Controller */,
				3824CCA819BA450700B7EA42 /* View */,
				3824CC9019BA44F900B7EA42 /* Images.xcassets */,
				3824CC8419BA44F900B7EA42 /* Supporting Files */,
			);
			path = Enso;
			sourceTree = "<group>";
		};
		3824CC8419BA44F900B7EA42 /* Supporting Files */ = {
			isa = PBXGroup;
			children = (
				3824CC8519BA44F900B7EA42 /* Info.plist */,
			);
			name = "Supporting Files";
			sourceTree = "<group>";
		};
		3824CC9919BA44F900B7EA42 /* EnsoTests */ = {
			isa = PBXGroup;
			children = (
				3824CC9C19BA44F900B7EA42 /* EnsoTests.swift */,
				3824CC9A19BA44F900B7EA42 /* Supporting Files */,
			);
			path = EnsoTests;
			sourceTree = "<group>";
		};
		3824CC9A19BA44F900B7EA42 /* Supporting Files */ = {
			isa = PBXGroup;
			children = (
				3824CC9B19BA44F900B7EA42 /* Info.plist */,
			);
			name = "Supporting Files";
			sourceTree = "<group>";
		};
		3824CCA619BA44FE00B7EA42 /* Model */ = {
			isa = PBXGroup;
			children = (
				38EE0DD319CA3A2100285AEE /* EnsoDocument.swift */,
				38EE0DD019CA39FD00285AEE /* Haiku.h */,
				38EE0DD119CA39FD00285AEE /* Haiku.m */,
			);
			name = Model;
			sourceTree = "<group>";
		};
		3824CCA719BA450200B7EA42 /* Controller */ = {
			isa = PBXGroup;
			children = (
				3824CC8B19BA44F900B7EA42 /* MainViewController.swift */,
				38EE0DA619C80B7400285AEE /* ListViewController.swift */,
				3898793119BC06DD004C5357 /* HaikuViewController.swift */,
				38A1784419BA7E3A00B9F9D3 /* MediaViewController.swift */,
				38A1784619BA7E4900B9F9D3 /* SocialViewController.swift */,
				38A1783B19BA7C0B00B9F9D3 /* Controllers */,
			);
			name = Controller;
			sourceTree = "<group>";
		};
		3824CCA819BA450700B7EA42 /* View */ = {
			isa = PBXGroup;
			children = (
				3824CC8D19BA44F900B7EA42 /* Main.storyboard */,
			);
			name = View;
			sourceTree = "<group>";
		};
		3898791F19BBEAFE004C5357 /* EnsoShareExtension */ = {
			isa = PBXGroup;
			children = (
				3898792219BBEAFE004C5357 /* ShareViewController.swift */,
				3898792419BBEAFE004C5357 /* MainInterface.storyboard */,
				3898792019BBEAFE004C5357 /* Supporting Files */,
			);
			path = EnsoShareExtension;
			sourceTree = "<group>";
		};
		3898792019BBEAFE004C5357 /* Supporting Files */ = {
			isa = PBXGroup;
			children = (
				3898792119BBEAFE004C5357 /* Info.plist */,
			);
			name = "Supporting Files";
			sourceTree = "<group>";
		};
		38A1783B19BA7C0B00B9F9D3 /* Controllers */ = {
			isa = PBXGroup;
			children = (
				38A1783C19BA7C2300B9F9D3 /* DataController.swift */,
				381452C819C5223200A1FD51 /* MessageController.swift */,
				38A1784019BA7DB600B9F9D3 /* EnsoPhotosController.swift */,
				38ED9D6619BE651B00BC2241 /* LocationController.swift */,
				38A1783E19BA7D5500B9F9D3 /* NetworkController.swift */,
			);
			name = Controllers;
			sourceTree = "<group>";
		};
/* End PBXGroup section */

/* Begin PBXNativeTarget section */
		3824CC8019BA44F900B7EA42 /* Enso */ = {
			isa = PBXNativeTarget;
			buildConfigurationList = 3824CCA019BA44F900B7EA42 /* Build configuration list for PBXNativeTarget "Enso" */;
			buildPhases = (
				3824CC7D19BA44F900B7EA42 /* Sources */,
				3824CC7E19BA44F900B7EA42 /* Frameworks */,
				3824CC7F19BA44F900B7EA42 /* Resources */,
				3898792E19BBEAFE004C5357 /* Embed App Extensions */,
			);
			buildRules = (
			);
			dependencies = (
				3898792719BBEAFE004C5357 /* PBXTargetDependency */,
				3898792A19BBEAFE004C5357 /* PBXTargetDependency */,
			);
			name = Enso;
			productName = Enso;
			productReference = 3824CC8119BA44F900B7EA42 /* Enso.app */;
			productType = "com.apple.product-type.application";
		};
		3824CC9519BA44F900B7EA42 /* EnsoTests */ = {
			isa = PBXNativeTarget;
			buildConfigurationList = 3824CCA319BA44F900B7EA42 /* Build configuration list for PBXNativeTarget "EnsoTests" */;
			buildPhases = (
				3824CC9219BA44F900B7EA42 /* Sources */,
				3824CC9319BA44F900B7EA42 /* Frameworks */,
				3824CC9419BA44F900B7EA42 /* Resources */,
			);
			buildRules = (
			);
			dependencies = (
				3824CC9819BA44F900B7EA42 /* PBXTargetDependency */,
			);
			name = EnsoTests;
			productName = EnsoTests;
			productReference = 3824CC9619BA44F900B7EA42 /* EnsoTests.xctest */;
			productType = "com.apple.product-type.bundle.unit-test";
		};
		3898791D19BBEAFE004C5357 /* EnsoShareExtension */ = {
			isa = PBXNativeTarget;
			buildConfigurationList = 3898792B19BBEAFE004C5357 /* Build configuration list for PBXNativeTarget "EnsoShareExtension" */;
			buildPhases = (
				3898791A19BBEAFE004C5357 /* Sources */,
				3898791B19BBEAFE004C5357 /* Frameworks */,
				3898791C19BBEAFE004C5357 /* Resources */,
			);
			buildRules = (
			);
			dependencies = (
			);
			name = EnsoShareExtension;
			productName = EnsoShareExtension;
			productReference = 3898791E19BBEAFE004C5357 /* EnsoShareExtension.appex */;
			productType = "com.apple.product-type.app-extension";
		};
/* End PBXNativeTarget section */

/* Begin PBXProject section */
		3824CC7919BA44F900B7EA42 /* Project object */ = {
			isa = PBXProject;
			attributes = {
				LastUpgradeCheck = 0600;
				ORGANIZATIONNAME = "Leonardo Lee";
				TargetAttributes = {
					3824CC8019BA44F900B7EA42 = {
						CreatedOnToolsVersion = 6.0;
					};
					3824CC9519BA44F900B7EA42 = {
						CreatedOnToolsVersion = 6.0;
						TestTargetID = 3824CC8019BA44F900B7EA42;
					};
					3898791D19BBEAFE004C5357 = {
						CreatedOnToolsVersion = 6.0;
					};
				};
			};
			buildConfigurationList = 3824CC7C19BA44F900B7EA42 /* Build configuration list for PBXProject "Enso" */;
			compatibilityVersion = "Xcode 3.2";
			developmentRegion = English;
			hasScannedForEncodings = 0;
			knownRegions = (
				en,
				Base,
			);
			mainGroup = 3824CC7819BA44F900B7EA42;
			productRefGroup = 3824CC8219BA44F900B7EA42 /* Products */;
			projectDirPath = "";
			projectRoot = "";
			targets = (
				3824CC8019BA44F900B7EA42 /* Enso */,
				3824CC9519BA44F900B7EA42 /* EnsoTests */,
				3898791D19BBEAFE004C5357 /* EnsoShareExtension */,
			);
		};
/* End PBXProject section */

/* Begin PBXResourcesBuildPhase section */
		3824CC7F19BA44F900B7EA42 /* Resources */ = {
			isa = PBXResourcesBuildPhase;
			buildActionMask = 2147483647;
			files = (
				3824CC8F19BA44F900B7EA42 /* Main.storyboard in Resources */,
				3824CC9119BA44F900B7EA42 /* Images.xcassets in Resources */,
			);
			runOnlyForDeploymentPostprocessing = 0;
		};
		3824CC9419BA44F900B7EA42 /* Resources */ = {
			isa = PBXResourcesBuildPhase;
			buildActionMask = 2147483647;
			files = (
			);
			runOnlyForDeploymentPostprocessing = 0;
		};
		3898791C19BBEAFE004C5357 /* Resources */ = {
			isa = PBXResourcesBuildPhase;
			buildActionMask = 2147483647;
			files = (
				3898792519BBEAFE004C5357 /* MainInterface.storyboard in Resources */,
			);
			runOnlyForDeploymentPostprocessing = 0;
		};
/* End PBXResourcesBuildPhase section */

/* Begin PBXSourcesBuildPhase section */
		3824CC7D19BA44F900B7EA42 /* Sources */ = {
			isa = PBXSourcesBuildPhase;
			buildActionMask = 2147483647;
			files = (
				38EE0DD219CA39FD00285AEE /* Haiku.m in Sources */,
				38A1783D19BA7C2300B9F9D3 /* DataController.swift in Sources */,
				38A1784119BA7DB600B9F9D3 /* EnsoPhotosController.swift in Sources */,
				3898793219BC06DD004C5357 /* HaikuViewController.swift in Sources */,
				38ED9D6719BE651B00BC2241 /* LocationController.swift in Sources */,
				38A1783F19BA7D5500B9F9D3 /* NetworkController.swift in Sources */,
				38EE0DD419CA3A2100285AEE /* EnsoDocument.swift in Sources */,
				38EE0DA719C80B7400285AEE /* ListViewController.swift in Sources */,
				3824CC8C19BA44F900B7EA42 /* MainViewController.swift in Sources */,
				38A1784719BA7E4900B9F9D3 /* SocialViewController.swift in Sources */,
				38A1784519BA7E3A00B9F9D3 /* MediaViewController.swift in Sources */,
				381452C919C5223200A1FD51 /* MessageController.swift in Sources */,
				3824CC8719BA44F900B7EA42 /* AppDelegate.swift in Sources */,
			);
			runOnlyForDeploymentPostprocessing = 0;
		};
		3824CC9219BA44F900B7EA42 /* Sources */ = {
			isa = PBXSourcesBuildPhase;
			buildActionMask = 2147483647;
			files = (
				3824CC9D19BA44F900B7EA42 /* EnsoTests.swift in Sources */,
			);
			runOnlyForDeploymentPostprocessing = 0;
		};
		3898791A19BBEAFE004C5357 /* Sources */ = {
			isa = PBXSourcesBuildPhase;
			buildActionMask = 2147483647;
			files = (
				3898792319BBEAFE004C5357 /* ShareViewController.swift in Sources */,
			);
			runOnlyForDeploymentPostprocessing = 0;
		};
/* End PBXSourcesBuildPhase section */

/* Begin PBXTargetDependency section */
		3824CC9819BA44F900B7EA42 /* PBXTargetDependency */ = {
			isa = PBXTargetDependency;
			target = 3824CC8019BA44F900B7EA42 /* Enso */;
			targetProxy = 3824CC9719BA44F900B7EA42 /* PBXContainerItemProxy */;
		};
		3898792719BBEAFE004C5357 /* PBXTargetDependency */ = {
			isa = PBXTargetDependency;
			target = 3898791D19BBEAFE004C5357 /* EnsoShareExtension */;
			targetProxy = 3898792619BBEAFE004C5357 /* PBXContainerItemProxy */;
		};
		3898792A19BBEAFE004C5357 /* PBXTargetDependency */ = {
			isa = PBXTargetDependency;
			target = 3898791D19BBEAFE004C5357 /* EnsoShareExtension */;
			targetProxy = 3898792919BBEAFE004C5357 /* PBXContainerItemProxy */;
		};
/* End PBXTargetDependency section */

/* Begin PBXVariantGroup section */
		3824CC8D19BA44F900B7EA42 /* Main.storyboard */ = {
			isa = PBXVariantGroup;
			children = (
				3824CC8E19BA44F900B7EA42 /* Base */,
			);
			name = Main.storyboard;
			sourceTree = "<group>";
		};
/* End PBXVariantGroup section */

/* Begin XCBuildConfiguration section */
		3824CC9E19BA44F900B7EA42 /* Debug */ = {
			isa = XCBuildConfiguration;
			buildSettings = {
				ALWAYS_SEARCH_USER_PATHS = NO;
				CLANG_CXX_LANGUAGE_STANDARD = "gnu++0x";
				CLANG_CXX_LIBRARY = "libc++";
				CLANG_ENABLE_MODULES = YES;
				CLANG_ENABLE_OBJC_ARC = YES;
				CLANG_WARN_BOOL_CONVERSION = YES;
				CLANG_WARN_CONSTANT_CONVERSION = YES;
				CLANG_WARN_DIRECT_OBJC_ISA_USAGE = YES_ERROR;
				CLANG_WARN_EMPTY_BODY = YES;
				CLANG_WARN_ENUM_CONVERSION = YES;
				CLANG_WARN_INT_CONVERSION = YES;
				CLANG_WARN_OBJC_ROOT_CLASS = YES_ERROR;
				CLANG_WARN_UNREACHABLE_CODE = YES;
				CLANG_WARN__DUPLICATE_METHOD_MATCH = YES;
				"CODE_SIGN_IDENTITY[sdk=iphoneos*]" = "iPhone Developer";
				COPY_PHASE_STRIP = NO;
				ENABLE_STRICT_OBJC_MSGSEND = YES;
				GCC_C_LANGUAGE_STANDARD = gnu99;
				GCC_DYNAMIC_NO_PIC = NO;
				GCC_OPTIMIZATION_LEVEL = 0;
				GCC_PREPROCESSOR_DEFINITIONS = (
					"DEBUG=1",
					"$(inherited)",
				);
				GCC_SYMBOLS_PRIVATE_EXTERN = NO;
				GCC_WARN_64_TO_32_BIT_CONVERSION = YES;
				GCC_WARN_ABOUT_RETURN_TYPE = YES_ERROR;
				GCC_WARN_UNDECLARED_SELECTOR = YES;
				GCC_WARN_UNINITIALIZED_AUTOS = YES_AGGRESSIVE;
				GCC_WARN_UNUSED_FUNCTION = YES;
				GCC_WARN_UNUSED_VARIABLE = YES;
				IPHONEOS_DEPLOYMENT_TARGET = 8.0;
				MTL_ENABLE_DEBUG_INFO = YES;
				ONLY_ACTIVE_ARCH = YES;
				SDKROOT = iphoneos;
				SWIFT_OPTIMIZATION_LEVEL = "-Onone";
				TARGETED_DEVICE_FAMILY = "1,2";
			};
			name = Debug;
		};
		3824CC9F19BA44F900B7EA42 /* Release */ = {
			isa = XCBuildConfiguration;
			buildSettings = {
				ALWAYS_SEARCH_USER_PATHS = NO;
				CLANG_CXX_LANGUAGE_STANDARD = "gnu++0x";
				CLANG_CXX_LIBRARY = "libc++";
				CLANG_ENABLE_MODULES = YES;
				CLANG_ENABLE_OBJC_ARC = YES;
				CLANG_WARN_BOOL_CONVERSION = YES;
				CLANG_WARN_CONSTANT_CONVERSION = YES;
				CLANG_WARN_DIRECT_OBJC_ISA_USAGE = YES_ERROR;
				CLANG_WARN_EMPTY_BODY = YES;
				CLANG_WARN_ENUM_CONVERSION = YES;
				CLANG_WARN_INT_CONVERSION = YES;
				CLANG_WARN_OBJC_ROOT_CLASS = YES_ERROR;
				CLANG_WARN_UNREACHABLE_CODE = YES;
				CLANG_WARN__DUPLICATE_METHOD_MATCH = YES;
				"CODE_SIGN_IDENTITY[sdk=iphoneos*]" = "iPhone Developer";
				COPY_PHASE_STRIP = YES;
				ENABLE_NS_ASSERTIONS = NO;
				ENABLE_STRICT_OBJC_MSGSEND = YES;
				GCC_C_LANGUAGE_STANDARD = gnu99;
				GCC_WARN_64_TO_32_BIT_CONVERSION = YES;
				GCC_WARN_ABOUT_RETURN_TYPE = YES_ERROR;
				GCC_WARN_UNDECLARED_SELECTOR = YES;
				GCC_WARN_UNINITIALIZED_AUTOS = YES_AGGRESSIVE;
				GCC_WARN_UNUSED_FUNCTION = YES;
				GCC_WARN_UNUSED_VARIABLE = YES;
				IPHONEOS_DEPLOYMENT_TARGET = 8.0;
				MTL_ENABLE_DEBUG_INFO = NO;
				SDKROOT = iphoneos;
				TARGETED_DEVICE_FAMILY = "1,2";
				VALIDATE_PRODUCT = YES;
			};
			name = Release;
		};
		3824CCA119BA44F900B7EA42 /* Debug */ = {
			isa = XCBuildConfiguration;
			buildSettings = {
				ASSETCATALOG_COMPILER_APPICON_NAME = AppIcon;
				ASSETCATALOG_COMPILER_LAUNCHIMAGE_NAME = LaunchImage;
				CLANG_ENABLE_MODULES = YES;
				FRAMEWORK_SEARCH_PATHS = (
					"$(inherited)",
					"$(PROJECT_DIR)",
					/Users/leoleez/Github/Code,
					Fellows/FaceDetection,
				);
				INFOPLIST_FILE = Enso/Info.plist;
				LD_RUNPATH_SEARCH_PATHS = "$(inherited) @executable_path/Frameworks";
				PRODUCT_NAME = "$(TARGET_NAME)";
				SWIFT_OBJC_BRIDGING_HEADER = "Enso/Enso-Bridging-Header.h";
				SWIFT_OPTIMIZATION_LEVEL = "-Onone";
			};
			name = Debug;
		};
		3824CCA219BA44F900B7EA42 /* Release */ = {
			isa = XCBuildConfiguration;
			buildSettings = {
				ASSETCATALOG_COMPILER_APPICON_NAME = AppIcon;
				ASSETCATALOG_COMPILER_LAUNCHIMAGE_NAME = LaunchImage;
				CLANG_ENABLE_MODULES = YES;
				FRAMEWORK_SEARCH_PATHS = (
					"$(inherited)",
					"$(PROJECT_DIR)",
					/Users/leoleez/Github/Code,
					Fellows/FaceDetection,
				);
				INFOPLIST_FILE = Enso/Info.plist;
				LD_RUNPATH_SEARCH_PATHS = "$(inherited) @executable_path/Frameworks";
				PRODUCT_NAME = "$(TARGET_NAME)";
				SWIFT_OBJC_BRIDGING_HEADER = "Enso/Enso-Bridging-Header.h";
			};
			name = Release;
		};
		3824CCA419BA44F900B7EA42 /* Debug */ = {
			isa = XCBuildConfiguration;
			buildSettings = {
				BUNDLE_LOADER = "$(TEST_HOST)";
				FRAMEWORK_SEARCH_PATHS = (
					"$(SDKROOT)/Developer/Library/Frameworks",
					"$(inherited)",
				);
				GCC_PREPROCESSOR_DEFINITIONS = (
					"DEBUG=1",
					"$(inherited)",
				);
				INFOPLIST_FILE = EnsoTests/Info.plist;
				LD_RUNPATH_SEARCH_PATHS = "$(inherited) @executable_path/Frameworks @loader_path/Frameworks";
				PRODUCT_NAME = "$(TARGET_NAME)";
				TEST_HOST = "$(BUILT_PRODUCTS_DIR)/Enso.app/Enso";
			};
			name = Debug;
		};
		3824CCA519BA44F900B7EA42 /* Release */ = {
			isa = XCBuildConfiguration;
			buildSettings = {
				BUNDLE_LOADER = "$(TEST_HOST)";
				FRAMEWORK_SEARCH_PATHS = (
					"$(SDKROOT)/Developer/Library/Frameworks",
					"$(inherited)",
				);
				INFOPLIST_FILE = EnsoTests/Info.plist;
				LD_RUNPATH_SEARCH_PATHS = "$(inherited) @executable_path/Frameworks @loader_path/Frameworks";
				PRODUCT_NAME = "$(TARGET_NAME)";
				TEST_HOST = "$(BUILT_PRODUCTS_DIR)/Enso.app/Enso";
			};
			name = Release;
		};
		3898792C19BBEAFE004C5357 /* Debug */ = {
			isa = XCBuildConfiguration;
			buildSettings = {
				GCC_PREPROCESSOR_DEFINITIONS = (
					"DEBUG=1",
					"$(inherited)",
				);
				INFOPLIST_FILE = EnsoShareExtension/Info.plist;
				LD_RUNPATH_SEARCH_PATHS = "$(inherited) @executable_path/Frameworks @executable_path/../../Frameworks";
				PRODUCT_NAME = "$(TARGET_NAME)";
				SKIP_INSTALL = YES;
			};
			name = Debug;
		};
		3898792D19BBEAFE004C5357 /* Release */ = {
			isa = XCBuildConfiguration;
			buildSettings = {
				INFOPLIST_FILE = EnsoShareExtension/Info.plist;
				LD_RUNPATH_SEARCH_PATHS = "$(inherited) @executable_path/Frameworks @executable_path/../../Frameworks";
				PRODUCT_NAME = "$(TARGET_NAME)";
				SKIP_INSTALL = YES;
			};
			name = Release;
		};
/* End XCBuildConfiguration section */

/* Begin XCConfigurationList section */
		3824CC7C19BA44F900B7EA42 /* Build configuration list for PBXProject "Enso" */ = {
			isa = XCConfigurationList;
			buildConfigurations = (
				3824CC9E19BA44F900B7EA42 /* Debug */,
				3824CC9F19BA44F900B7EA42 /* Release */,
			);
			defaultConfigurationIsVisible = 0;
			defaultConfigurationName = Release;
		};
		3824CCA019BA44F900B7EA42 /* Build configuration list for PBXNativeTarget "Enso" */ = {
			isa = XCConfigurationList;
			buildConfigurations = (
				3824CCA119BA44F900B7EA42 /* Debug */,
				3824CCA219BA44F900B7EA42 /* Release */,
			);
			defaultConfigurationIsVisible = 0;
			defaultConfigurationName = Release;
		};
		3824CCA319BA44F900B7EA42 /* Build configuration list for PBXNativeTarget "EnsoTests" */ = {
			isa = XCConfigurationList;
			buildConfigurations = (
				3824CCA419BA44F900B7EA42 /* Debug */,
				3824CCA519BA44F900B7EA42 /* Release */,
			);
			defaultConfigurationIsVisible = 0;
			defaultConfigurationName = Release;
		};
		3898792B19BBEAFE004C5357 /* Build configuration list for PBXNativeTarget "EnsoShareExtension" */ = {
			isa = XCConfigurationList;
			buildConfigurations = (
				3898792C19BBEAFE004C5357 /* Debug */,
				3898792D19BBEAFE004C5357 /* Release */,
			);
			defaultConfigurationIsVisible = 0;
			defaultConfigurationName = Release;
		};
/* End XCConfigurationList section */
	};
	rootObject = 3824CC7919BA44F900B7EA42 /* Project object */;
}
